
Microsoft Visual Studio Solution File, Format Version 12.00
# Visual Studio 15
VisualStudioVersion = 15.0.28307.136
MinimumVisualStudioVersion = 10.0.40219.1
Project("{00D1A9C2-B5F0-4AF3-8072-F6C62B433612}") = "MessageQueue", "MessageQueue.sqlproj", "{012D41B7-9B6D-4913-9B77-EBCAFB13DD3A}"
EndProject
Global
	GlobalSection(SolutionConfigurationPlatforms) = preSolution
		Debug|Any CPU = Debug|Any CPU
		Release|Any CPU = Release|Any CPU
	EndGlobalSection
	GlobalSection(ProjectConfigurationPlatforms) = postSolution
		{012D41B7-9B6D-4913-9B77-EBCAFB13DD3A}.Debug|Any CPU.ActiveCfg = Debug|Any CPU
		{012D41B7-9B6D-4913-9B77-EBCAFB13DD3A}.Debug|Any CPU.Build.0 = Debug|Any CPU
		{012D41B7-9B6D-4913-9B77-EBCAFB13DD3A}.Debug|Any CPU.Deploy.0 = Debug|Any CPU
		{012D41B7-9B6D-4913-9B77-EBCAFB13DD3A}.Release|Any CPU.ActiveCfg = Release|Any CPU
		{012D41B7-9B6D-4913-9B77-EBCAFB13DD3A}.Release|Any CPU.Build.0 = Release|Any CPU
		{012D41B7-9B6D-4913-9B77-EBCAFB13DD3A}.Release|Any CPU.Deploy.0 = Release|Any CPU
	EndGlobalSection
	GlobalSection(SolutionProperties) = preSolution
		HideSolutionNode = FALSE
	EndGlobalSection
	GlobalSection(ExtensibilityGlobals) = postSolution
		SolutionGuid = {6C139E53-FBF6-4583-88AD-5A29FAA622DA}
	EndGlobalSection
EndGlobal
